
Microsoft Visual Studio Solution File, Format Version 12.00
# Visual Studio Version 17
VisualStudioVersion = 17.3.32901.215
MinimumVisualStudioVersion = 10.0.40219.1
Project("{FAE04EC0-301F-11D3-BF4B-00C04F79EFBC}") = "ScoreCalculator_Web", "ScoreCalculator_Web\ScoreCalculator_Web.csproj", "{254E5E90-F87B-410D-9777-9F1C119658F9}"
EndProject
Global
	GlobalSection(SolutionConfigurationPlatforms) = preSolution
		Debug|Any CPU = Debug|Any CPU
		Release|Any CPU = Release|Any CPU
	EndGlobalSection
	GlobalSection(ProjectConfigurationPlatforms) = postSolution
		{254E5E90-F87B-410D-9777-9F1C119658F9}.Debug|Any CPU.ActiveCfg = Debug|Any CPU
		{254E5E90-F87B-410D-9777-9F1C119658F9}.Debug|Any CPU.Build.0 = Debug|Any CPU
		{254E5E90-F87B-410D-9777-9F1C119658F9}.Release|Any CPU.ActiveCfg = Release|Any CPU
		{254E5E90-F87B-410D-9777-9F1C119658F9}.Release|Any CPU.Build.0 = Release|Any CPU
	EndGlobalSection
	GlobalSection(SolutionProperties) = preSolution
		HideSolutionNode = FALSE
	EndGlobalSection
	GlobalSection(ExtensibilityGlobals) = postSolution
		SolutionGuid = {8A871B15-5C6A-447D-996A-9A01264411F4}
	EndGlobalSection
EndGlobal
